
Microsoft Visual Studio Solution File, Format Version 12.00
# Visual Studio Version 16
VisualStudioVersion = 16.0.28606.126
MinimumVisualStudioVersion = 10.0.40219.1
Project("{FAE04EC0-301F-11D3-BF4B-00C04F79EFBC}") = "MCNPFileEditor", "MCNPFileEditor.csproj", "{D429A27A-B723-41E0-B3BE-715BDDD1DC02}"
EndProject
Project("{FAE04EC0-301F-11D3-BF4B-00C04F79EFBC}") = "WpfApp1", "..\WpfApp1\WpfApp1.csproj", "{75797169-CDF8-4BD6-B135-E37412267CCD}"
EndProject
Global
	GlobalSection(SolutionConfigurationPlatforms) = preSolution
		Debug|Any CPU = Debug|Any CPU
		Release|Any CPU = Release|Any CPU
	EndGlobalSection
	GlobalSection(ProjectConfigurationPlatforms) = postSolution
		{D429A27A-B723-41E0-B3BE-715BDDD1DC02}.Debug|Any CPU.ActiveCfg = Debug|Any CPU
		{D429A27A-B723-41E0-B3BE-715BDDD1DC02}.Debug|Any CPU.Build.0 = Debug|Any CPU
		{D429A27A-B723-41E0-B3BE-715BDDD1DC02}.Release|Any CPU.ActiveCfg = Release|Any CPU
		{D429A27A-B723-41E0-B3BE-715BDDD1DC02}.Release|Any CPU.Build.0 = Release|Any CPU
		{75797169-CDF8-4BD6-B135-E37412267CCD}.Debug|Any CPU.ActiveCfg = Debug|Any CPU
		{75797169-CDF8-4BD6-B135-E37412267CCD}.Debug|Any CPU.Build.0 = Debug|Any CPU
		{75797169-CDF8-4BD6-B135-E37412267CCD}.Release|Any CPU.ActiveCfg = Release|Any CPU
		{75797169-CDF8-4BD6-B135-E37412267CCD}.Release|Any CPU.Build.0 = Release|Any CPU
	EndGlobalSection
	GlobalSection(SolutionProperties) = preSolution
		HideSolutionNode = FALSE
	EndGlobalSection
	GlobalSection(ExtensibilityGlobals) = postSolution
		SolutionGuid = {2632C0B2-23FF-48C6-8B47-6F599CB22019}
	EndGlobalSection
EndGlobal
